
Microsoft Visual Studio Solution File, Format Version 12.00
# Visual Studio Version 17
VisualStudioVersion = 17.13.35818.85 d17.13
MinimumVisualStudioVersion = 10.0.40219.1
Project("{FAE04EC0-301F-11D3-BF4B-00C04F79EFBC}") = "Dashboard", "Dashboard.csproj", "{AE908F79-8650-4D7F-AEBC-261FE23BA6BD}"
EndProject
Global
	GlobalSection(SolutionConfigurationPlatforms) = preSolution
		Debug|Any CPU = Debug|Any CPU
		Release|Any CPU = Release|Any CPU
	EndGlobalSection
	GlobalSection(ProjectConfigurationPlatforms) = postSolution
		{AE908F79-8650-4D7F-AEBC-261FE23BA6BD}.Debug|Any CPU.ActiveCfg = Debug|Any CPU
		{AE908F79-8650-4D7F-AEBC-261FE23BA6BD}.Debug|Any CPU.Build.0 = Debug|Any CPU
		{AE908F79-8650-4D7F-AEBC-261FE23BA6BD}.Release|Any CPU.ActiveCfg = Release|Any CPU
		{AE908F79-8650-4D7F-AEBC-261FE23BA6BD}.Release|Any CPU.Build.0 = Release|Any CPU
	EndGlobalSection
	GlobalSection(SolutionProperties) = preSolution
		HideSolutionNode = FALSE
	EndGlobalSection
	GlobalSection(ExtensibilityGlobals) = postSolution
		SolutionGuid = {96DBEB57-4C33-47D7-864C-CFA1FE371C33}
	EndGlobalSection
EndGlobal
